{
  "lockfileVersion": 1,
  "workspaces": {
    "": {
      "name": "diego",
      "dependencies": {
        "@frida/assert": "^3.0.2",
        "@frida/base64-js": "^2.0.3",
        "@frida/buffer": "^7.0.4",
        "@frida/crypto": "^1.0.1",
        "@frida/diagnostics_channel": "^1.0.0",
        "@frida/events": "^4.0.4",
        "@frida/http": "^4.0.2",
        "@frida/http-parser-js": "^1.0.0",
        "@frida/https": "^1.0.0",
        "@frida/ieee754": "^2.0.2",
        "@frida/net": "^4.0.2",
        "@frida/os": "^1.0.2",
        "@frida/path": "^2.0.3",
        "@frida/process": "^1.2.1",
        "@frida/punycode": "^3.0.0",
        "@frida/querystring": "^1.0.0",
        "@frida/readable-stream": "^4.1.3",
        "@frida/stream": "^1.0.2",
        "@frida/string_decoder": "^2.0.0",
        "@frida/timers": "^3.0.0",
        "@frida/tty": "^1.0.0",
        "@frida/url": "^1.0.2",
        "@frida/util": "^1.0.3",
        "@frida/vm": "^2.0.0",
        "cli-tableau": "^2.0.1",
        "commander": "^14.0.0",
        "esbuild": "^0.25.5",
        "frida": "^17.0.6",
        "frida-fs": "^7.0.0",
        "frida-java-bridge": "^7.0.1",
        "frida-objc-bridge": "^8.0.4",
        "frida-remote-stream": "^6.0.2",
        "frida-swift-bridge": "^3.0.1",
        "portfinder": "^1.0.37",
      },
      "devDependencies": {
        "@types/bun": "latest",
      },
      "peerDependencies": {
        "typescript": "^5",
      },
    },
  },
  "packages": {
    "@esbuild/aix-ppc64": ["@esbuild/aix-ppc64@0.25.5", "", { "os": "aix", "cpu": "ppc64" }, "sha512-9o3TMmpmftaCMepOdA5k/yDw8SfInyzWWTjYTFCX3kPSDJMROQTb8jg+h9Cnwnmm1vOzvxN7gIfB5V2ewpjtGA=="],

    "@esbuild/android-arm": ["@esbuild/android-arm@0.25.5", "", { "os": "android", "cpu": "arm" }, "sha512-AdJKSPeEHgi7/ZhuIPtcQKr5RQdo6OO2IL87JkianiMYMPbCtot9fxPbrMiBADOWWm3T2si9stAiVsGbTQFkbA=="],

    "@esbuild/android-arm64": ["@esbuild/android-arm64@0.25.5", "", { "os": "android", "cpu": "arm64" }, "sha512-VGzGhj4lJO+TVGV1v8ntCZWJktV7SGCs3Pn1GRWI1SBFtRALoomm8k5E9Pmwg3HOAal2VDc2F9+PM/rEY6oIDg=="],

    "@esbuild/android-x64": ["@esbuild/android-x64@0.25.5", "", { "os": "android", "cpu": "x64" }, "sha512-D2GyJT1kjvO//drbRT3Hib9XPwQeWd9vZoBJn+bu/lVsOZ13cqNdDeqIF/xQ5/VmWvMduP6AmXvylO/PIc2isw=="],

    "@esbuild/darwin-arm64": ["@esbuild/darwin-arm64@0.25.5", "", { "os": "darwin", "cpu": "arm64" }, "sha512-GtaBgammVvdF7aPIgH2jxMDdivezgFu6iKpmT+48+F8Hhg5J/sfnDieg0aeG/jfSvkYQU2/pceFPDKlqZzwnfQ=="],

    "@esbuild/darwin-x64": ["@esbuild/darwin-x64@0.25.5", "", { "os": "darwin", "cpu": "x64" }, "sha512-1iT4FVL0dJ76/q1wd7XDsXrSW+oLoquptvh4CLR4kITDtqi2e/xwXwdCVH8hVHU43wgJdsq7Gxuzcs6Iq/7bxQ=="],

    "@esbuild/freebsd-arm64": ["@esbuild/freebsd-arm64@0.25.5", "", { "os": "freebsd", "cpu": "arm64" }, "sha512-nk4tGP3JThz4La38Uy/gzyXtpkPW8zSAmoUhK9xKKXdBCzKODMc2adkB2+8om9BDYugz+uGV7sLmpTYzvmz6Sw=="],

    "@esbuild/freebsd-x64": ["@esbuild/freebsd-x64@0.25.5", "", { "os": "freebsd", "cpu": "x64" }, "sha512-PrikaNjiXdR2laW6OIjlbeuCPrPaAl0IwPIaRv+SMV8CiM8i2LqVUHFC1+8eORgWyY7yhQY+2U2fA55mBzReaw=="],

    "@esbuild/linux-arm": ["@esbuild/linux-arm@0.25.5", "", { "os": "linux", "cpu": "arm" }, "sha512-cPzojwW2okgh7ZlRpcBEtsX7WBuqbLrNXqLU89GxWbNt6uIg78ET82qifUy3W6OVww6ZWobWub5oqZOVtwolfw=="],

    "@esbuild/linux-arm64": ["@esbuild/linux-arm64@0.25.5", "", { "os": "linux", "cpu": "arm64" }, "sha512-Z9kfb1v6ZlGbWj8EJk9T6czVEjjq2ntSYLY2cw6pAZl4oKtfgQuS4HOq41M/BcoLPzrUbNd+R4BXFyH//nHxVg=="],

    "@esbuild/linux-ia32": ["@esbuild/linux-ia32@0.25.5", "", { "os": "linux", "cpu": "ia32" }, "sha512-sQ7l00M8bSv36GLV95BVAdhJ2QsIbCuCjh/uYrWiMQSUuV+LpXwIqhgJDcvMTj+VsQmqAHL2yYaasENvJ7CDKA=="],

    "@esbuild/linux-loong64": ["@esbuild/linux-loong64@0.25.5", "", { "os": "linux", "cpu": "none" }, "sha512-0ur7ae16hDUC4OL5iEnDb0tZHDxYmuQyhKhsPBV8f99f6Z9KQM02g33f93rNH5A30agMS46u2HP6qTdEt6Q1kg=="],

    "@esbuild/linux-mips64el": ["@esbuild/linux-mips64el@0.25.5", "", { "os": "linux", "cpu": "none" }, "sha512-kB/66P1OsHO5zLz0i6X0RxlQ+3cu0mkxS3TKFvkb5lin6uwZ/ttOkP3Z8lfR9mJOBk14ZwZ9182SIIWFGNmqmg=="],

    "@esbuild/linux-ppc64": ["@esbuild/linux-ppc64@0.25.5", "", { "os": "linux", "cpu": "ppc64" }, "sha512-UZCmJ7r9X2fe2D6jBmkLBMQetXPXIsZjQJCjgwpVDz+YMcS6oFR27alkgGv3Oqkv07bxdvw7fyB71/olceJhkQ=="],

    "@esbuild/linux-riscv64": ["@esbuild/linux-riscv64@0.25.5", "", { "os": "linux", "cpu": "none" }, "sha512-kTxwu4mLyeOlsVIFPfQo+fQJAV9mh24xL+y+Bm6ej067sYANjyEw1dNHmvoqxJUCMnkBdKpvOn0Ahql6+4VyeA=="],

    "@esbuild/linux-s390x": ["@esbuild/linux-s390x@0.25.5", "", { "os": "linux", "cpu": "s390x" }, "sha512-K2dSKTKfmdh78uJ3NcWFiqyRrimfdinS5ErLSn3vluHNeHVnBAFWC8a4X5N+7FgVE1EjXS1QDZbpqZBjfrqMTQ=="],

    "@esbuild/linux-x64": ["@esbuild/linux-x64@0.25.5", "", { "os": "linux", "cpu": "x64" }, "sha512-uhj8N2obKTE6pSZ+aMUbqq+1nXxNjZIIjCjGLfsWvVpy7gKCOL6rsY1MhRh9zLtUtAI7vpgLMK6DxjO8Qm9lJw=="],

    "@esbuild/netbsd-arm64": ["@esbuild/netbsd-arm64@0.25.5", "", { "os": "none", "cpu": "arm64" }, "sha512-pwHtMP9viAy1oHPvgxtOv+OkduK5ugofNTVDilIzBLpoWAM16r7b/mxBvfpuQDpRQFMfuVr5aLcn4yveGvBZvw=="],

    "@esbuild/netbsd-x64": ["@esbuild/netbsd-x64@0.25.5", "", { "os": "none", "cpu": "x64" }, "sha512-WOb5fKrvVTRMfWFNCroYWWklbnXH0Q5rZppjq0vQIdlsQKuw6mdSihwSo4RV/YdQ5UCKKvBy7/0ZZYLBZKIbwQ=="],

    "@esbuild/openbsd-arm64": ["@esbuild/openbsd-arm64@0.25.5", "", { "os": "openbsd", "cpu": "arm64" }, "sha512-7A208+uQKgTxHd0G0uqZO8UjK2R0DDb4fDmERtARjSHWxqMTye4Erz4zZafx7Di9Cv+lNHYuncAkiGFySoD+Mw=="],

    "@esbuild/openbsd-x64": ["@esbuild/openbsd-x64@0.25.5", "", { "os": "openbsd", "cpu": "x64" }, "sha512-G4hE405ErTWraiZ8UiSoesH8DaCsMm0Cay4fsFWOOUcz8b8rC6uCvnagr+gnioEjWn0wC+o1/TAHt+It+MpIMg=="],

    "@esbuild/sunos-x64": ["@esbuild/sunos-x64@0.25.5", "", { "os": "sunos", "cpu": "x64" }, "sha512-l+azKShMy7FxzY0Rj4RCt5VD/q8mG/e+mDivgspo+yL8zW7qEwctQ6YqKX34DTEleFAvCIUviCFX1SDZRSyMQA=="],

    "@esbuild/win32-arm64": ["@esbuild/win32-arm64@0.25.5", "", { "os": "win32", "cpu": "arm64" }, "sha512-O2S7SNZzdcFG7eFKgvwUEZ2VG9D/sn/eIiz8XRZ1Q/DO5a3s76Xv0mdBzVM5j5R639lXQmPmSo0iRpHqUUrsxw=="],

    "@esbuild/win32-ia32": ["@esbuild/win32-ia32@0.25.5", "", { "os": "win32", "cpu": "ia32" }, "sha512-onOJ02pqs9h1iMJ1PQphR+VZv8qBMQ77Klcsqv9CNW2w6yLqoURLcgERAIurY6QE63bbLuqgP9ATqajFLK5AMQ=="],

    "@esbuild/win32-x64": ["@esbuild/win32-x64@0.25.5", "", { "os": "win32", "cpu": "x64" }, "sha512-TXv6YnJ8ZMVdX+SXWVBo/0p8LTcrUYngpWjvm91TMjjBQii7Oz11Lw5lbDV5Y0TzuhSJHwiH4hEtC1I42mMS0g=="],

    "@frida/assert": ["@frida/assert@3.0.2", "", {}, "sha512-JXJq5SbXGrM5EkjrZKfRmB29zOoEOix02NC6A5TSJ+C1GE/X051EinJJsuOO2pEOx7KZwpvAHvS0WXW0+levKg=="],

    "@frida/base64-js": ["@frida/base64-js@2.0.3", "", {}, "sha512-2w0F+1TynOTCZ/v7du9LdHPWwq0lJhazjo2fF9upMyQmA1zHetT14fLuQ1v/6T0qPgyeEGkiSrybstU8EsgeUA=="],

    "@frida/buffer": ["@frida/buffer@7.0.4", "", { "dependencies": { "base64-js": "^1.5.1", "ieee754": "^1.2.1" } }, "sha512-RxQ1lZRRiCJj7nhcCiD8xeJx0NsLpGGnjqsmTg7jShGmbnVFMN5W7+J+3gqdPSQhc/IxNBIWc6zRXVp4+qnYHg=="],

    "@frida/crypto": ["@frida/crypto@1.0.1", "", {}, "sha512-WXTkVjESvX8TIVXIynJJv9BKSIdQP0Iis04StIXknkDi1ULdMlrypA9p5C4KW1H6GCkNsVnKbybpzsulYCTvag=="],

    "@frida/diagnostics_channel": ["@frida/diagnostics_channel@1.0.0", "", {}, "sha512-mYX1jp/5Bpk24tHArJNx65iCk7qSuV8YJkdU0gFNVtJUXxfV8BG5WuPa4mL+ynxsbWWpsg/cwKZbLAepYKTdQQ=="],

    "@frida/events": ["@frida/events@4.0.4", "", {}, "sha512-qJVQ6VWHf9sjUKuiJzoCAC00frbpcwxeYfvQ+PP9LU/d70j+QvjWgYe98Qa3ekLaBU6r/AvWm8ThKCDUCLWrQQ=="],

    "@frida/http": ["@frida/http@4.0.2", "", { "dependencies": { "http-parser-js": "^0.5.3" } }, "sha512-cvkc7ex7GmVXVOWqtjXKBWUUbYEBgpNRKZbEEoMeI8KiIs8zejKwg+N7rx7296Ao+EP3+xcUr4wBVr3xLaUVfQ=="],

    "@frida/http-parser-js": ["@frida/http-parser-js@1.0.0", "", {}, "sha512-2nMrNXt/OeTlWbqnE8AH4Sfz4I2+BGoN206dzKEyC/g2svtn83Xu+zuv/V3TkwrA27s26Mcy84ZwsXeNlqNxUQ=="],

    "@frida/https": ["@frida/https@1.0.0", "", {}, "sha512-OiqQ6qsALcWOktRLq07oJ0i6sH8eX6MXb/MdZS1qVKDRf6wchH4Pjn6fiLB+pt/OlYbggk+DOfpHwSdjTwuHMQ=="],

    "@frida/ieee754": ["@frida/ieee754@2.0.2", "", {}, "sha512-wlcUebnne4ENN7GDr5pTH598ZDLMVOsh0FjenxeVOe6u7ewZkz9gGRnLnZKJAm9kl5G6XhdxhI0cSXVQK/rQUw=="],

    "@frida/net": ["@frida/net@4.0.2", "", {}, "sha512-qQRe7hQ+ZfCcG/SE3P1TRqQ9bmuK/T7wPCYaT4z56rBPWAxsaQbQHpX4fR6OrFaSDr7X0xJLsTbdIp9hGhhLZg=="],

    "@frida/os": ["@frida/os@1.0.2", "", {}, "sha512-3ISAiGNiyIya3QN2EHBCz1wqP0enTdSxP99wUeroeh8+AQRmgoOr/5TRnrVry8pe378anay3fmV/tdUMMSkehQ=="],

    "@frida/path": ["@frida/path@2.0.3", "", {}, "sha512-2RQy36QatoC846fzBhBhV8sXMsSOBGoYvwTHeaE1zUdz7F4RNScP4QEekTTooBYWYX/XjiF36KQpYAzc9OYFtg=="],

    "@frida/process": ["@frida/process@1.2.1", "", {}, "sha512-nvCu22DstFW2ttGFtOKekHM7vnjbZm+XgtvavOt427GNT6uV7k0JYK9tnMbcLMRWv57DG6udAmuJlWs8Paq1ag=="],

    "@frida/punycode": ["@frida/punycode@3.0.0", "", {}, "sha512-XVSDY2KamDs1D5/fTVgHcOSNxdU4kTboxzqJMBbTjcQC7XScIT9c0EfbwKCq7Kci6gWQdsHSCr7lU+9Oc4KAdg=="],

    "@frida/querystring": ["@frida/querystring@1.0.0", "", {}, "sha512-15m1fOZPmoO/vWlgPJrG/J9/BJDz6a2/JpVGpS8ynNzo+fBhTznaStX5nHxUs24mVTqh/OqLo0EiYJM5WWHXxg=="],

    "@frida/readable-stream": ["@frida/readable-stream@4.1.3", "", {}, "sha512-ntGUFmi+CryRGRJIK13a/VST2Ad19uivbln8Xd92vKPAARq+6vMIASDyZIqyl5BLRccfiyCHdYgrgQ6RI5rUig=="],

    "@frida/stream": ["@frida/stream@1.0.2", "", { "dependencies": { "@frida/readable-stream": "^4.1.3" } }, "sha512-4OuaC1ztmEKgTq3WeBhsy8Oq+AwW9n9cYnvLklcC9jwD93AEwgbWpecLlxJCVuALvTMdhKPg0nQVfyGYP/i9Bw=="],

    "@frida/string_decoder": ["@frida/string_decoder@2.0.0", "", {}, "sha512-in371tYZMHQiW9HF5MS3JDw6Ao6tyBoq34UWy2rzOswYyMG1rpizh85ofi/yVkxDiaqybEZefxzkVittpPGT6g=="],

    "@frida/timers": ["@frida/timers@3.0.0", "", {}, "sha512-3b+0igv10aT8TMxefrTAd06rActqbxJLY2Xkkq9vYcPBffB/yHszl0NYIp/5ko8WC3ecDYPU6bQiY6fjs72zTA=="],

    "@frida/tty": ["@frida/tty@1.0.0", "", {}, "sha512-p/kjLnKYxEAB1MdYP8+5rKv9CsHzyA+0jg9BcGETzjQVKHHcroHDULRxDYUh+DC7qs6cpX8QdDQh9E+a6ydgsQ=="],

    "@frida/url": ["@frida/url@1.0.2", "", { "dependencies": { "@frida/punycode": "^3.0.0", "@frida/querystring": "^1.0.0" } }, "sha512-ZKunbKJHMr8w2Eb/5K1avy0MzK1B998S17wYXNv3RmzBGxMm8S5T0F3qEpRxkU7/72P8m4izyQU87fWl+FjQsQ=="],

    "@frida/util": ["@frida/util@1.0.3", "", {}, "sha512-htcG3uDiRXv89ERVNNYhfase39kJ2X75ZARfrYcYEtJLFEsSk0nemM1YnEIR4CjrHvdvkWHrwgKkS+acOyoNEg=="],

    "@frida/vm": ["@frida/vm@2.0.0", "", {}, "sha512-7fsjLWscZT5odNIBtg6qbLNI+vAk1xmii6H5W2kaYkMYt0vRohQEcDSUWacA+eaWlu5SvMjZI82Yibj/3G9pJw=="],

    "@types/bun": ["@types/bun@1.2.14", "", { "dependencies": { "bun-types": "1.2.14" } }, "sha512-VsFZKs8oKHzI7zwvECiAJ5oSorWndIWEVhfbYqZd4HI/45kzW7PN2Rr5biAzvGvRuNmYLSANY+H59ubHq8xw7Q=="],

    "@types/node": ["@types/node@22.15.23", "", { "dependencies": { "undici-types": "~6.21.0" } }, "sha512-7Ec1zaFPF4RJ0eXu1YT/xgiebqwqoJz8rYPDi/O2BcZ++Wpt0Kq9cl0eg6NN6bYbPnR67ZLo7St5Q3UK0SnARw=="],

    "ansi-styles": ["ansi-styles@4.3.0", "", { "dependencies": { "color-convert": "^2.0.1" } }, "sha512-zbB9rCJAT1rbjiVDb2hqKFHNYLxgtk8NURxZ3IZwD3F6NtxbXZQCnnSi1Lkx+IDohdPlFp222wVALIheZJQSEg=="],

    "async": ["async@3.2.6", "", {}, "sha512-htCUDlxyyCLMgaM3xXg0C0LW2xqfuQ6p05pCEIsXuyQ+a1koYKTuBMzRNwmybfLgvJDMd0r1LTn4+E0Ti6C2AA=="],

    "balanced-match": ["balanced-match@1.0.2", "", {}, "sha512-3oSeUO0TMV67hN1AmbXsK4yaqU7tjiHlbxRDZOpH0KW9+CeX4bRAaX0Anxt0tx2MrpRpWwQaPwIlISEJhYU5Pw=="],

    "base64-js": ["base64-js@1.5.1", "", {}, "sha512-AKpaYlHn8t4SVbOHCy+b5+KKgvR4vrsD8vbvrbiQJps7fKDTkjkDry6ji0rUJjC0kzbNePLwzxq8iypo41qeWA=="],

    "bindings": ["bindings@1.5.0", "", { "dependencies": { "file-uri-to-path": "1.0.0" } }, "sha512-p2q/t/mhvuOj/UeLlV6566GD/guowlr0hHxClI0W9m7MWYkL1F0hLo+0Aexs9HSPCtR1SXQ0TD3MMKrXZajbiQ=="],

    "bl": ["bl@4.1.0", "", { "dependencies": { "buffer": "^5.5.0", "inherits": "^2.0.4", "readable-stream": "^3.4.0" } }, "sha512-1W07cM9gS6DcLperZfFSj+bWLtaPGSOHWhPiGzXmvVJbRLdG82sH/Kn8EtW1VqWVA54AKf2h5k5BbnIbwF3h6w=="],

    "brace-expansion": ["brace-expansion@2.0.1", "", { "dependencies": { "balanced-match": "^1.0.0" } }, "sha512-XnAIvQ8eM+kC6aULx6wuQiwVsnzsi9d3WxzV3FpWTGA19F621kwdbsAcFKXgKUHZWsy+mY6iL1sHTxWEFCytDA=="],

    "buffer": ["buffer@5.7.1", "", { "dependencies": { "base64-js": "^1.3.1", "ieee754": "^1.1.13" } }, "sha512-EHcyIPBQ4BSGlvjB16k5KgAJ27CIsHY/2JBmCRReo48y9rQ3MaUzWX3KVlBa4U7MyX02HdVj0K7C3WaB3ju7FQ=="],

    "bun-types": ["bun-types@1.2.14", "", { "dependencies": { "@types/node": "*" } }, "sha512-Kuh4Ub28ucMRWeiUUWMHsT9Wcbr4H3kLIO72RZZElSDxSu7vpetRvxIUDUaW6QtaIeixIpm7OXtNnZPf82EzwA=="],

    "chalk": ["chalk@3.0.0", "", { "dependencies": { "ansi-styles": "^4.1.0", "supports-color": "^7.1.0" } }, "sha512-4D3B6Wf41KOYRFdszmDqMCGq5VV/uMAB273JILmO+3jAlh8X4qDtdtgCR3fxtbLEMzSx22QdhnDcJvu2u1fVwg=="],

    "chownr": ["chownr@1.1.4", "", {}, "sha512-jJ0bqzaylmJtVnNgzTeSOs8DPavpbYgEr/b0YL8/2GO3xJEhInFmhKMUnEJQjZumK7KXGFhUy89PrsJWlakBVg=="],

    "cli-tableau": ["cli-tableau@2.0.1", "", { "dependencies": { "chalk": "3.0.0" } }, "sha512-he+WTicka9cl0Fg/y+YyxcN6/bfQ/1O3QmgxRXDhABKqLzvoOSM4fMzp39uMyLBulAFuywD2N7UaoQE7WaADxQ=="],

    "color-convert": ["color-convert@2.0.1", "", { "dependencies": { "color-name": "~1.1.4" } }, "sha512-RRECPsj7iu/xb5oKYcsFHSppFNnsj/52OVTRKb4zP5onXwVF3zVmmToNcOfGC+CRDpfK/U584fMg38ZHCaElKQ=="],

    "color-name": ["color-name@1.1.4", "", {}, "sha512-dOy+3AuW3a2wNbZHIuMZpTcgjGuLU/uBL/ubcZF9OXbDo8ff4O8yVp5Bf0efS8uEoYo5q4Fx7dY9OgQGXgAsQA=="],

    "commander": ["commander@14.0.0", "", {}, "sha512-2uM9rYjPvyq39NwLRqaiLtWHyDC1FvryJDa2ATTVims5YAS4PupsEQsDvP14FqhFr0P49CYDugi59xaxJlTXRA=="],

    "debug": ["debug@4.4.1", "", { "dependencies": { "ms": "^2.1.3" } }, "sha512-KcKCqiftBJcZr++7ykoDIEwSa3XWowTfNPo92BYxjXiyYEVrUQh2aLyhxBCwww+heortUFxEJYcRzosstTEBYQ=="],

    "decompress-response": ["decompress-response@6.0.0", "", { "dependencies": { "mimic-response": "^3.1.0" } }, "sha512-aW35yZM6Bb/4oJlZncMH2LCoZtJXTRxES17vE3hoRiowU2kWHaJKFkSBDnDR+cm9J+9QhXmREyIfv0pji9ejCQ=="],

    "deep-extend": ["deep-extend@0.6.0", "", {}, "sha512-LOHxIOaPYdHlJRtCQfDIVZtfw/ufM8+rVj649RIHzcm/vGwQRXFt6OPqIFWsm2XEMrNIEtWR64sY1LEKD2vAOA=="],

    "detect-libc": ["detect-libc@2.0.4", "", {}, "sha512-3UDv+G9CsCKO1WKMGw9fwq/SWJYbI0c5Y7LU1AXYoDdbhE2AHQ6N6Nb34sG8Fj7T5APy8qXDCKuuIHd1BR0tVA=="],

    "end-of-stream": ["end-of-stream@1.4.4", "", { "dependencies": { "once": "^1.4.0" } }, "sha512-+uw1inIHVPQoaVuHzRyXd21icM+cnt4CzD5rW+NC1wjOUSTOs+Te7FOv7AhN7vS9x/oIyhLP5PR1H+phQAHu5Q=="],

    "esbuild": ["esbuild@0.25.5", "", { "optionalDependencies": { "@esbuild/aix-ppc64": "0.25.5", "@esbuild/android-arm": "0.25.5", "@esbuild/android-arm64": "0.25.5", "@esbuild/android-x64": "0.25.5", "@esbuild/darwin-arm64": "0.25.5", "@esbuild/darwin-x64": "0.25.5", "@esbuild/freebsd-arm64": "0.25.5", "@esbuild/freebsd-x64": "0.25.5", "@esbuild/linux-arm": "0.25.5", "@esbuild/linux-arm64": "0.25.5", "@esbuild/linux-ia32": "0.25.5", "@esbuild/linux-loong64": "0.25.5", "@esbuild/linux-mips64el": "0.25.5", "@esbuild/linux-ppc64": "0.25.5", "@esbuild/linux-riscv64": "0.25.5", "@esbuild/linux-s390x": "0.25.5", "@esbuild/linux-x64": "0.25.5", "@esbuild/netbsd-arm64": "0.25.5", "@esbuild/netbsd-x64": "0.25.5", "@esbuild/openbsd-arm64": "0.25.5", "@esbuild/openbsd-x64": "0.25.5", "@esbuild/sunos-x64": "0.25.5", "@esbuild/win32-arm64": "0.25.5", "@esbuild/win32-ia32": "0.25.5", "@esbuild/win32-x64": "0.25.5" }, "bin": { "esbuild": "bin/esbuild" } }, "sha512-P8OtKZRv/5J5hhz0cUAdu/cLuPIKXpQl1R9pZtvmHWQvrAUVd0UNIPT4IB4W3rNOqVO0rlqHmCIbSwxh/c9yUQ=="],

    "expand-template": ["expand-template@2.0.3", "", {}, "sha512-XYfuKMvj4O35f/pOXLObndIRvyQ+/+6AhODh+OKWj9S9498pHHn/IMszH+gt0fBCRWMNfk1ZSp5x3AifmnI2vg=="],

    "file-uri-to-path": ["file-uri-to-path@1.0.0", "", {}, "sha512-0Zt+s3L7Vf1biwWZ29aARiVYLx7iMGnEUl9x33fbB/j3jR81u/O2LbqK+Bm1CDSNDKVtJ/YjwY7TUd5SkeLQLw=="],

    "frida": ["frida@17.0.6", "", { "dependencies": { "bindings": "^1.5.0", "minimatch": "^10.0.1", "prebuild-install": "^7.1.3" } }, "sha512-zvy1qRJ7PxJ5fVVIuFZFFLC9vV0HJlZL81msXdx61lvAm66e8VSzu4WhzyXLGXFWA7bzR+Ipesykaz7wny1ZzA=="],

    "frida-fs": ["frida-fs@7.0.0", "", {}, "sha512-95m7LCjuFMZObrR/37tlEUHAKC0UP82vWBtcaFntUSFr5MuqhoZG6FDCXKl58FhTf0SwOCYvwctCYPLV3/pHgw=="],

    "frida-java-bridge": ["frida-java-bridge@7.0.1", "", {}, "sha512-pyNv12Y+erFgqdbFMsECh1OfqS77E62GeKHtxaBOZUPSpqcEkL0T2/6q/XD2161S4eGYBn6V7zumH2gbxtXK/Q=="],

    "frida-objc-bridge": ["frida-objc-bridge@8.0.4", "", {}, "sha512-AUzwq/+TFtblQLTI97UPX22pBcvyG2oUde9380DXbcJ0zXts4n9JDVONHUr03aBowa0Le+bdBoVdCs7jyyjvlg=="],

    "frida-remote-stream": ["frida-remote-stream@6.0.2", "", { "dependencies": { "tiny-typed-emitter": "^2.1.0" } }, "sha512-/cIRydXsviP+zlVyBhBTnZKywVyibPggN1iQZe8/EiwnateBUsgIkWQKHR37aKiz+Pq3hLw+dUiv0BiXZuGeFw=="],

    "frida-swift-bridge": ["frida-swift-bridge@3.0.1", "", {}, "sha512-9QoFSLIELwJu1bU5YrjptrpavzglcUZgaRblsKDFonoJHjRYj6CC5YuS8t5TbruVgxevtGZDBVpu64VSSL31TA=="],

    "fs-constants": ["fs-constants@1.0.0", "", {}, "sha512-y6OAwoSIf7FyjMIv94u+b5rdheZEjzR63GTyZJm5qh4Bi+2YgwLCcI/fPFZkL5PSixOt6ZNKm+w+Hfp/Bciwow=="],

    "github-from-package": ["github-from-package@0.0.0", "", {}, "sha512-SyHy3T1v2NUXn29OsWdxmK6RwHD+vkj3v8en8AOBZ1wBQ/hCAQ5bAQTD02kW4W9tUp/3Qh6J8r9EvntiyCmOOw=="],

    "has-flag": ["has-flag@4.0.0", "", {}, "sha512-EykJT/Q1KjTWctppgIAgfSO0tKVuZUjhgMr17kqTumMl6Afv3EISleU7qZUzoXDFTAHTDC4NOoG/ZxU3EvlMPQ=="],

    "http-parser-js": ["http-parser-js@0.5.10", "", {}, "sha512-Pysuw9XpUq5dVc/2SMHpuTY01RFl8fttgcyunjL7eEMhGM3cI4eOmiCycJDVCo/7O7ClfQD3SaI6ftDzqOXYMA=="],

    "ieee754": ["ieee754@1.2.1", "", {}, "sha512-dcyqhDvX1C46lXZcVqCpK+FtMRQVdIMN6/Df5js2zouUsqG7I6sFxitIC+7KYK29KdXOLHdu9zL4sFnoVQnqaA=="],

    "inherits": ["inherits@2.0.4", "", {}, "sha512-k/vGaX4/Yla3WzyMCvTQOXYeIHvqOKtnqBduzTHpzpQZzAskKMhZ2K+EnBiSM9zGSoIFeMpXKxa4dYeZIQqewQ=="],

    "ini": ["ini@1.3.8", "", {}, "sha512-JV/yugV2uzW5iMRSiZAyDtQd+nxtUnjeLt0acNdw98kKLrvuRVyB80tsREOE7yvGVgalhZ6RNXCmEHkUKBKxew=="],

    "mimic-response": ["mimic-response@3.1.0", "", {}, "sha512-z0yWI+4FDrrweS8Zmt4Ej5HdJmky15+L2e6Wgn3+iK5fWzb6T3fhNFq2+MeTRb064c6Wr4N/wv0DzQTjNzHNGQ=="],

    "minimatch": ["minimatch@10.0.1", "", { "dependencies": { "brace-expansion": "^2.0.1" } }, "sha512-ethXTt3SGGR+95gudmqJ1eNhRO7eGEGIgYA9vnPatK4/etz2MEVDno5GMCibdMTuBMyElzIlgxMna3K94XDIDQ=="],

    "minimist": ["minimist@1.2.8", "", {}, "sha512-2yyAR8qBkN3YuheJanUpWC5U3bb5osDywNB8RzDVlDwDHbocAJveqqj1u8+SVD7jkWT4yvsHCpWqqWqAxb0zCA=="],

    "mkdirp-classic": ["mkdirp-classic@0.5.3", "", {}, "sha512-gKLcREMhtuZRwRAfqP3RFW+TK4JqApVBtOIftVgjuABpAtpxhPGaDcfvbhNvD0B8iD1oUr/txX35NjcaY6Ns/A=="],

    "ms": ["ms@2.1.3", "", {}, "sha512-6FlzubTLZG3J2a/NVCAleEhjzq5oxgHyaCU9yYXvcLsvoVaHJq/s5xXI6/XXP6tz7R9xAOtHnSO/tXtF3WRTlA=="],

    "napi-build-utils": ["napi-build-utils@2.0.0", "", {}, "sha512-GEbrYkbfF7MoNaoh2iGG84Mnf/WZfB0GdGEsM8wz7Expx/LlWf5U8t9nvJKXSp3qr5IsEbK04cBGhol/KwOsWA=="],

    "node-abi": ["node-abi@3.75.0", "", { "dependencies": { "semver": "^7.3.5" } }, "sha512-OhYaY5sDsIka7H7AtijtI9jwGYLyl29eQn/W623DiN/MIv5sUqc4g7BIDThX+gb7di9f6xK02nkp8sdfFWZLTg=="],

    "once": ["once@1.4.0", "", { "dependencies": { "wrappy": "1" } }, "sha512-lNaJgI+2Q5URQBkccEKHTQOPaXdUxnZZElQTZY0MFUAuaEqe1E+Nyvgdz/aIyNi6Z9MzO5dv1H8n58/GELp3+w=="],

    "portfinder": ["portfinder@1.0.37", "", { "dependencies": { "async": "^3.2.6", "debug": "^4.3.6" } }, "sha512-yuGIEjDAYnnOex9ddMnKZEMFE0CcGo6zbfzDklkmT1m5z734ss6JMzN9rNB3+RR7iS+F10D4/BVIaXOyh8PQKw=="],

    "prebuild-install": ["prebuild-install@7.1.3", "", { "dependencies": { "detect-libc": "^2.0.0", "expand-template": "^2.0.3", "github-from-package": "0.0.0", "minimist": "^1.2.3", "mkdirp-classic": "^0.5.3", "napi-build-utils": "^2.0.0", "node-abi": "^3.3.0", "pump": "^3.0.0", "rc": "^1.2.7", "simple-get": "^4.0.0", "tar-fs": "^2.0.0", "tunnel-agent": "^0.6.0" }, "bin": { "prebuild-install": "bin.js" } }, "sha512-8Mf2cbV7x1cXPUILADGI3wuhfqWvtiLA1iclTDbFRZkgRQS0NqsPZphna9V+HyTEadheuPmjaJMsbzKQFOzLug=="],

    "pump": ["pump@3.0.2", "", { "dependencies": { "end-of-stream": "^1.1.0", "once": "^1.3.1" } }, "sha512-tUPXtzlGM8FE3P0ZL6DVs/3P58k9nk8/jZeQCurTJylQA8qFYzHFfhBJkuqyE0FifOsQ0uKWekiZ5g8wtr28cw=="],

    "rc": ["rc@1.2.8", "", { "dependencies": { "deep-extend": "^0.6.0", "ini": "~1.3.0", "minimist": "^1.2.0", "strip-json-comments": "~2.0.1" }, "bin": { "rc": "./cli.js" } }, "sha512-y3bGgqKj3QBdxLbLkomlohkvsA8gdAiUQlSBJnBhfn+BPxg4bc62d8TcBW15wavDfgexCgccckhcZvywyQYPOw=="],

    "readable-stream": ["readable-stream@3.6.2", "", { "dependencies": { "inherits": "^2.0.3", "string_decoder": "^1.1.1", "util-deprecate": "^1.0.1" } }, "sha512-9u/sniCrY3D5WdsERHzHE4G2YCXqoG5FTHUiCC4SIbr6XcLZBY05ya9EKjYek9O5xOAwjGq+1JdGBAS7Q9ScoA=="],

    "safe-buffer": ["safe-buffer@5.2.1", "", {}, "sha512-rp3So07KcdmmKbGvgaNxQSJr7bGVSVk5S9Eq1F+ppbRo70+YeaDxkw5Dd8NPN+GD6bjnYm2VuPuCXmpuYvmCXQ=="],

    "semver": ["semver@7.7.2", "", { "bin": { "semver": "bin/semver.js" } }, "sha512-RF0Fw+rO5AMf9MAyaRXI4AV0Ulj5lMHqVxxdSgiVbixSCXoEmmX/jk0CuJw4+3SqroYO9VoUh+HcuJivvtJemA=="],

    "simple-concat": ["simple-concat@1.0.1", "", {}, "sha512-cSFtAPtRhljv69IK0hTVZQ+OfE9nePi/rtJmw5UjHeVyVroEqJXP1sFztKUy1qU+xvz3u/sfYJLa947b7nAN2Q=="],

    "simple-get": ["simple-get@4.0.1", "", { "dependencies": { "decompress-response": "^6.0.0", "once": "^1.3.1", "simple-concat": "^1.0.0" } }, "sha512-brv7p5WgH0jmQJr1ZDDfKDOSeWWg+OVypG99A/5vYGPqJ6pxiaHLy8nxtFjBA7oMa01ebA9gfh1uMCFqOuXxvA=="],

    "string_decoder": ["string_decoder@1.3.0", "", { "dependencies": { "safe-buffer": "~5.2.0" } }, "sha512-hkRX8U1WjJFd8LsDJ2yQ/wWWxaopEsABU1XfkM8A+j0+85JAGppt16cr1Whg6KIbb4okU6Mql6BOj+uup/wKeA=="],

    "strip-json-comments": ["strip-json-comments@2.0.1", "", {}, "sha512-4gB8na07fecVVkOI6Rs4e7T6NOTki5EmL7TUduTs6bu3EdnSycntVJ4re8kgZA+wx9IueI2Y11bfbgwtzuE0KQ=="],

    "supports-color": ["supports-color@7.2.0", "", { "dependencies": { "has-flag": "^4.0.0" } }, "sha512-qpCAvRl9stuOHveKsn7HncJRvv501qIacKzQlO/+Lwxc9+0q2wLyv4Dfvt80/DPn2pqOBsJdDiogXGR9+OvwRw=="],

    "tar-fs": ["tar-fs@2.1.3", "", { "dependencies": { "chownr": "^1.1.1", "mkdirp-classic": "^0.5.2", "pump": "^3.0.0", "tar-stream": "^2.1.4" } }, "sha512-090nwYJDmlhwFwEW3QQl+vaNnxsO2yVsd45eTKRBzSzu+hlb1w2K9inVq5b0ngXuLVqQ4ApvsUHHnu/zQNkWAg=="],

    "tar-stream": ["tar-stream@2.2.0", "", { "dependencies": { "bl": "^4.0.3", "end-of-stream": "^1.4.1", "fs-constants": "^1.0.0", "inherits": "^2.0.3", "readable-stream": "^3.1.1" } }, "sha512-ujeqbceABgwMZxEJnk2HDY2DlnUZ+9oEcb1KzTVfYHio0UE6dG71n60d8D2I4qNvleWrrXpmjpt7vZeF1LnMZQ=="],

    "tiny-typed-emitter": ["tiny-typed-emitter@2.1.0", "", {}, "sha512-qVtvMxeXbVej0cQWKqVSSAHmKZEHAvxdF8HEUBFWts8h+xEo5m/lEiPakuyZ3BnCBjOD8i24kzNOiOLLgsSxhA=="],

    "tunnel-agent": ["tunnel-agent@0.6.0", "", { "dependencies": { "safe-buffer": "^5.0.1" } }, "sha512-McnNiV1l8RYeY8tBgEpuodCC1mLUdbSN+CYBL7kJsJNInOP8UjDDEwdk6Mw60vdLLrr5NHKZhMAOSrR2NZuQ+w=="],

    "typescript": ["typescript@5.8.3", "", { "bin": { "tsc": "bin/tsc", "tsserver": "bin/tsserver" } }, "sha512-p1diW6TqL9L07nNxvRMM7hMMw4c5XOo/1ibL4aAIGmSAt9slTE1Xgw5KWuof2uTOvCg9BY7ZRi+GaF+7sfgPeQ=="],

    "undici-types": ["undici-types@6.21.0", "", {}, "sha512-iwDZqg0QAGrg9Rav5H4n0M64c3mkR59cJ6wQp+7C4nI0gsmExaedaYLNO44eT4AtBBwjbTiGPMlt2Md0T9H9JQ=="],

    "util-deprecate": ["util-deprecate@1.0.2", "", {}, "sha512-EPD5q1uXyFxJpCrLnCc1nHnq3gOa6DZBocAIiI2TaSCA7VCJ1UJDMagCzIkXNsUYfD1daK//LTEQ8xiIbrHtcw=="],

    "wrappy": ["wrappy@1.0.2", "", {}, "sha512-l4Sp/DRseor9wL6EvV2+TuQn63dMkPjZ/sp9XkghTEbV9KlPS1xUsZ3u7/IQO4wxtcFB4bgpQPRcR3QCvezPcQ=="],
  }
}
